
Microsoft Visual Studio Solution File, Format Version 12.00
# Visual Studio Version 17
VisualStudioVersion = 17.9.34616.47
MinimumVisualStudioVersion = 10.0.40219.1
Project("{9A19103F-16F7-4668-BE54-9A1E7A4F7556}") = "QS.Task1.APIChecker", "QS.Task1.APIChecker\QS.Task1.APIChecker.csproj", "{057E08E7-7211-413B-9C8C-C5A1BEB6E439}"
EndProject
Project("{2150E333-8FDC-42A3-9474-1A3956D46DE8}") = "Azure", "Azure", "{373B5FB9-E6E1-4B11-97E0-10FA4BF36908}"
EndProject
Project("{2150E333-8FDC-42A3-9474-1A3956D46DE8}") = "API", "API", "{F81E3069-0C36-4B8F-83AD-0CBB53F14477}"
EndProject
Project("{2150E333-8FDC-42A3-9474-1A3956D46DE8}") = "Services", "Services", "{FF8D3806-323D-4175-A6D7-EFF0E61A17A1}"
EndProject
Project("{2150E333-8FDC-42A3-9474-1A3956D46DE8}") = "Tests", "Tests", "{4B599B8E-A40B-465D-B12B-FB79318D6267}"
EndProject
Project("{9A19103F-16F7-4668-BE54-9A1E7A4F7556}") = "QS.Task1.Services", "QS.Task1.Services\QS.Task1.Services.csproj", "{7FDA7B90-ED1F-4228-99BC-6AE83AE19A62}"
EndProject
Project("{9A19103F-16F7-4668-BE54-9A1E7A4F7556}") = "QS.Task1.APIChecker.Tests", "..\..\tests\QS.Task1.APIChecker.Tests\QS.Task1.APIChecker.Tests.csproj", "{F3E1F710-9D6E-49B7-B2EB-ABD241E8BBB2}"
EndProject
Project("{FAE04EC0-301F-11D3-BF4B-00C04F79EFBC}") = "QS.Task1.RestAPI", "QS.Task1.RestAPI\QS.Task1.RestAPI.csproj", "{5C1C3436-D30C-411E-8CEC-F921B4DCC55B}"
EndProject
Global
	GlobalSection(SolutionConfigurationPlatforms) = preSolution
		Debug|Any CPU = Debug|Any CPU
		Release|Any CPU = Release|Any CPU
	EndGlobalSection
	GlobalSection(ProjectConfigurationPlatforms) = postSolution
		{057E08E7-7211-413B-9C8C-C5A1BEB6E439}.Debug|Any CPU.ActiveCfg = Debug|Any CPU
		{057E08E7-7211-413B-9C8C-C5A1BEB6E439}.Debug|Any CPU.Build.0 = Debug|Any CPU
		{057E08E7-7211-413B-9C8C-C5A1BEB6E439}.Release|Any CPU.ActiveCfg = Release|Any CPU
		{057E08E7-7211-413B-9C8C-C5A1BEB6E439}.Release|Any CPU.Build.0 = Release|Any CPU
		{7FDA7B90-ED1F-4228-99BC-6AE83AE19A62}.Debug|Any CPU.ActiveCfg = Debug|Any CPU
		{7FDA7B90-ED1F-4228-99BC-6AE83AE19A62}.Debug|Any CPU.Build.0 = Debug|Any CPU
		{7FDA7B90-ED1F-4228-99BC-6AE83AE19A62}.Release|Any CPU.ActiveCfg = Release|Any CPU
		{7FDA7B90-ED1F-4228-99BC-6AE83AE19A62}.Release|Any CPU.Build.0 = Release|Any CPU
		{F3E1F710-9D6E-49B7-B2EB-ABD241E8BBB2}.Debug|Any CPU.ActiveCfg = Debug|Any CPU
		{F3E1F710-9D6E-49B7-B2EB-ABD241E8BBB2}.Debug|Any CPU.Build.0 = Debug|Any CPU
		{F3E1F710-9D6E-49B7-B2EB-ABD241E8BBB2}.Release|Any CPU.ActiveCfg = Release|Any CPU
		{F3E1F710-9D6E-49B7-B2EB-ABD241E8BBB2}.Release|Any CPU.Build.0 = Release|Any CPU
		{5C1C3436-D30C-411E-8CEC-F921B4DCC55B}.Debug|Any CPU.ActiveCfg = Debug|Any CPU
		{5C1C3436-D30C-411E-8CEC-F921B4DCC55B}.Debug|Any CPU.Build.0 = Debug|Any CPU
		{5C1C3436-D30C-411E-8CEC-F921B4DCC55B}.Release|Any CPU.ActiveCfg = Release|Any CPU
		{5C1C3436-D30C-411E-8CEC-F921B4DCC55B}.Release|Any CPU.Build.0 = Release|Any CPU
	EndGlobalSection
	GlobalSection(SolutionProperties) = preSolution
		HideSolutionNode = FALSE
	EndGlobalSection
	GlobalSection(NestedProjects) = preSolution
		{057E08E7-7211-413B-9C8C-C5A1BEB6E439} = {373B5FB9-E6E1-4B11-97E0-10FA4BF36908}
		{7FDA7B90-ED1F-4228-99BC-6AE83AE19A62} = {FF8D3806-323D-4175-A6D7-EFF0E61A17A1}
		{F3E1F710-9D6E-49B7-B2EB-ABD241E8BBB2} = {4B599B8E-A40B-465D-B12B-FB79318D6267}
		{5C1C3436-D30C-411E-8CEC-F921B4DCC55B} = {F81E3069-0C36-4B8F-83AD-0CBB53F14477}
	EndGlobalSection
	GlobalSection(ExtensibilityGlobals) = postSolution
		SolutionGuid = {7FE810F0-4326-4E6C-B2BF-12771415008C}
	EndGlobalSection
EndGlobal
